
Microsoft Visual Studio Solution File, Format Version 12.00
# Visual Studio Version 16
VisualStudioVersion = 16.0.30413.136
MinimumVisualStudioVersion = 10.0.40219.1
Project("{8BC9CEB8-8B4A-11D0-8D11-00A0C91BC942}") = "3", "3.vcxproj", "{8ECF4075-4488-4308-8EE4-E1AEE2FE02CB}"
EndProject
Global
	GlobalSection(SolutionConfigurationPlatforms) = preSolution
		Debug|x64 = Debug|x64
		Debug|x86 = Debug|x86
		Release|x64 = Release|x64
		Release|x86 = Release|x86
	EndGlobalSection
	GlobalSection(ProjectConfigurationPlatforms) = postSolution
		{8ECF4075-4488-4308-8EE4-E1AEE2FE02CB}.Debug|x64.ActiveCfg = Debug|x64
		{8ECF4075-4488-4308-8EE4-E1AEE2FE02CB}.Debug|x64.Build.0 = Debug|x64
		{8ECF4075-4488-4308-8EE4-E1AEE2FE02CB}.Debug|x86.ActiveCfg = Debug|Win32
		{8ECF4075-4488-4308-8EE4-E1AEE2FE02CB}.Debug|x86.Build.0 = Debug|Win32
		{8ECF4075-4488-4308-8EE4-E1AEE2FE02CB}.Release|x64.ActiveCfg = Release|x64
		{8ECF4075-4488-4308-8EE4-E1AEE2FE02CB}.Release|x64.Build.0 = Release|x64
		{8ECF4075-4488-4308-8EE4-E1AEE2FE02CB}.Release|x86.ActiveCfg = Release|Win32
		{8ECF4075-4488-4308-8EE4-E1AEE2FE02CB}.Release|x86.Build.0 = Release|Win32
	EndGlobalSection
	GlobalSection(SolutionProperties) = preSolution
		HideSolutionNode = FALSE
	EndGlobalSection
	GlobalSection(ExtensibilityGlobals) = postSolution
		SolutionGuid = {E6F3ACCE-E7A0-4D0C-B8D6-8ADA2D6FD86C}
	EndGlobalSection
EndGlobal
